
Microsoft Visual Studio Solution File, Format Version 12.00
# Visual Studio Version 16
VisualStudioVersion = 16.0.30413.136
MinimumVisualStudioVersion = 10.0.40219.1
Project("{FAE04EC0-301F-11D3-BF4B-00C04F79EFBC}") = "SalesWebMvc", "SalesWebMvc\SalesWebMvc.csproj", "{54848C3F-3519-403B-93F2-51BCCC111BC5}"
EndProject
Global
	GlobalSection(SolutionConfigurationPlatforms) = preSolution
		Debug|Any CPU = Debug|Any CPU
		Release|Any CPU = Release|Any CPU
	EndGlobalSection
	GlobalSection(ProjectConfigurationPlatforms) = postSolution
		{54848C3F-3519-403B-93F2-51BCCC111BC5}.Debug|Any CPU.ActiveCfg = Debug|Any CPU
		{54848C3F-3519-403B-93F2-51BCCC111BC5}.Debug|Any CPU.Build.0 = Debug|Any CPU
		{54848C3F-3519-403B-93F2-51BCCC111BC5}.Release|Any CPU.ActiveCfg = Release|Any CPU
		{54848C3F-3519-403B-93F2-51BCCC111BC5}.Release|Any CPU.Build.0 = Release|Any CPU
	EndGlobalSection
	GlobalSection(SolutionProperties) = preSolution
		HideSolutionNode = FALSE
	EndGlobalSection
	GlobalSection(ExtensibilityGlobals) = postSolution
		SolutionGuid = {F981BBBB-00E4-40FF-9279-6E6FF88EDA74}
	EndGlobalSection
EndGlobal
